
Microsoft Visual Studio Solution File, Format Version 12.00
# Visual Studio Version 16
VisualStudioVersion = 16.0.810.20
MinimumVisualStudioVersion = 10.0.40219.1
Project("{FAE04EC0-301F-11D3-BF4B-00C04F79EFBC}") = "Task2.Exception", "Task2.Exception\Task2.Exception.csproj", "{CBC14A65-AA3E-4FB3-8746-67AEA9CDA001}"
EndProject
Global
	GlobalSection(SolutionConfigurationPlatforms) = preSolution
		Debug|Any CPU = Debug|Any CPU
		Release|Any CPU = Release|Any CPU
	EndGlobalSection
	GlobalSection(ProjectConfigurationPlatforms) = postSolution
		{CBC14A65-AA3E-4FB3-8746-67AEA9CDA001}.Debug|Any CPU.ActiveCfg = Debug|Any CPU
		{CBC14A65-AA3E-4FB3-8746-67AEA9CDA001}.Debug|Any CPU.Build.0 = Debug|Any CPU
		{CBC14A65-AA3E-4FB3-8746-67AEA9CDA001}.Release|Any CPU.ActiveCfg = Release|Any CPU
		{CBC14A65-AA3E-4FB3-8746-67AEA9CDA001}.Release|Any CPU.Build.0 = Release|Any CPU
	EndGlobalSection
	GlobalSection(SolutionProperties) = preSolution
		HideSolutionNode = FALSE
	EndGlobalSection
	GlobalSection(ExtensibilityGlobals) = postSolution
		SolutionGuid = {3A460A59-48F5-40BA-ABB8-C024DDE6B9F3}
	EndGlobalSection
EndGlobal
